github.com/akrennmair/goconf v0.0.0-20120129010547-c6367f3454b8 h1:u7VJHPuuQlPUEMEP9V8ynLHAn2KCzCSzJ3sqM3TAndk=
github.com/akrennmair/goconf v0.0.0-20120129010547-c6367f3454b8/go.mod h1:R9NOa/n6CLt9LboMHucwGINzISwkWdsq5FeSnOzvNCk=
github.com/fatih/color v1.7.0 h1:DkWD4oS2D8LGGgTQ6IvwJJXSL5Vp2ffcQg58nFV38Ys=
github.com/fatih/color v1.7.0/go.mod h1:Zm6kSWBoL9eyXnKyktHP6abPY2pDugNf5KwzbycvMj4=
github.com/getwe/figlet4go v0.0.0-20160909034824-bc879344e874 h1:LuRNWPVRQFPD3AKc8C9iwvfKUAXNU6SmhBVgTfOrMNg=
github.com/getwe/figlet4go v0.0.0-20160909034824-bc879344e874/go.mod h1:T7NPFwNdVaBg6WOlKS8Hiem965Bx2fLJbkfI69UQcOY=
github.com/mattn/go-colorable v0.0.9 h1:UVL0vNpWh04HeJXV0KLcaT7r06gOH2l4OW6ddYRUIY4=
github.com/mattn/go-colorable v0.0.9/go.mod h1:9vuHe8Xs5qXnSaW/c/ABM9alt+Vo+STaOChaDxuIBZU=
github.com/mattn/go-isatty v0.0.4 h1:bnP0vzxcAdeI1zdubAl5PjU6zsERjGZb7raWodagDYs=
github.com/mattn/go-isatty v0.0.4/go.mod h1:M+lRXTBqGeGNdLjl/ufCoiOlB5xdOkqRJdNxMWT7Zi4=
github.com/mattn/go-runewidth v0.0.3 h1:a+kO+98RDGEfo6asOGMmpodZq4FNtnGP54yps8BzLR4=
github.com/mattn/go-runewidth v0.0.3/go.mod h1:LwmH8dsx7+W8Uxz3IHJYH5QSwggIsqBzpuz5H//U1FU=
github.com/nsf/termbox-go v0.0.0-20180819125858-b66b20ab708e h1:fvw0uluMptljaRKSU8459cJ4bmi3qUYyMs5kzpic2fY=
github.com/nsf/termbox-go v0.0.0-20180819125858-b66b20ab708e/go.mod h1:IuKpRQcYE1Tfu+oAQqaLisqDeXgjyyltCfsaoYN18NQ=
github.com/nsf/termbox-go v0.0.0-20181027232701-60ab7e3d12ed h1:bAVGG6B+R5qpSylrrA+BAMrzYkdAoiTaKPVxRB+4cyM=
github.com/nsf/termbox-go v0.0.0-20181027232701-60ab7e3d12ed/go.mod h1:IuKpRQcYE1Tfu+oAQqaLisqDeXgjyyltCfsaoYN18NQ=
github.com/xyproto/term v0.0.0-20180502080334-71331061d202 h1:ZsBYHulhMRwfNkM/VfXgEueOs2fELsKll32ZRdZg9MA=
github.com/xyproto/term v0.0.0-20180502080334-71331061d202/go.mod h1:kO0i0xsVNs1vRFPmMTmHltXAyOD+IRvEvhTpOUK8imw=
github.com/xyproto/term v0.0.0-20181102095811-abbba14d6880 h1:J5fnZwTUzdvZB1Xaqcm4TpgA3x+u4M1FaBuCD3FVNZE=
github.com/xyproto/term v0.0.0-20181102095811-abbba14d6880/go.mod h1:EM1tTr10+j28a9rP+9dSBzX/71cWdHOQH654UhI6yjQ=
github.com/yhat/scrape v0.0.0-20161128144610-24b7890b0945 h1:6Ju8pZBYFTN9FaV/JvNBiIHcsgEmP4z4laciqjfjY8E=
github.com/yhat/scrape v0.0.0-20161128144610-24b7890b0945/go.mod h1:4vRFPPNYllgCacoj+0FoKOjTW68rUhEfqPLiEJaK2w8=
golang.org/x/net v0.0.0-20181011144130-49bb7cea24b1 h1:Y/KGZSOdz/2r0WJ9Mkmz6NJBusp0kiNx1Cn82lzJQ6w=
golang.org/x/net v0.0.0-20181011144130-49bb7cea24b1/go.mod h1:mL1N/T3taQHkDXs73rZJwtUhF3w3ftmwwsq0BUmARs4=
golang.org/x/net v0.0.0-20181114220301-adae6a3d119a h1:gOpx8G595UYyvj8UK4+OFyY4rx037g3fmfhe5SasG3U=
golang.org/x/net v0.0.0-20181114220301-adae6a3d119a/go.mod h1:mL1N/T3taQHkDXs73rZJwtUhF3w3ftmwwsq0BUmARs4=
golang.org/x/sys v0.0.0-20181011152604-fa43e7bc11ba h1:nZJIJPGow0Kf9bU9QTc1U6OXbs/7Hu4e+cNv+hxH+Zc=
golang.org/x/sys v0.0.0-20181011152604-fa43e7bc11ba/go.mod h1:STP8DvDyc/dI5b8T5hshtkjS+E42TnysNCUPdjciGhY=
golang.org/x/sys v0.0.0-20181119195503-ec83556a53fe/go.mod h1:STP8DvDyc/dI5b8T5hshtkjS+E42TnysNCUPdjciGhY=
